
Microsoft Visual Studio Solution File, Format Version 12.00
# Visual Studio Version 17
VisualStudioVersion = 17.9.34902.65
MinimumVisualStudioVersion = 10.0.40219.1
Project("{8BC9CEB8-8B4A-11D0-8D11-00A0C91BC942}") = "Image", "Builds\Image\Image.vcxproj", "{8DA84988-83E2-4317-B2A1-EDACFAE603ED}"
EndProject
Project("{8BC9CEB8-8B4A-11D0-8D11-00A0C91BC942}") = "Triangle", "Builds\Triangle\Triangle.vcxproj", "{CF6298D9-F045-412C-AD38-8F3E9F6E32FD}"
EndProject
Project("{8BC9CEB8-8B4A-11D0-8D11-00A0C91BC942}") = "DepthBuffer", "Builds\DepthBuffer\DepthBuffer.vcxproj", "{655C4E13-4992-44CB-A18F-5D7DF41667FF}"
EndProject
Project("{8BC9CEB8-8B4A-11D0-8D11-00A0C91BC942}") = "Model", "Builds\Model\Model.vcxproj", "{3922AFEA-F9BB-4C29-89D1-BACE1A3BCA43}"
EndProject
Project("{8BC9CEB8-8B4A-11D0-8D11-00A0C91BC942}") = "MipMapping", "Builds\MipMapping\MipMapping.vcxproj", "{ACDC1A2C-4CE0-470D-B4C8-C34EE6506277}"
EndProject
Project("{8BC9CEB8-8B4A-11D0-8D11-00A0C91BC942}") = "MultiSampling", "Builds\MultiSampling\MultiSampling.vcxproj", "{99AC76C0-B6FC-47CD-9C77-6C2B0FEA7443}"
EndProject
Project("{8BC9CEB8-8B4A-11D0-8D11-00A0C91BC942}") = "Compute", "Builds\Compute\Compute.vcxproj", "{6FC25C41-1017-497B-B986-C8C7D24B388B}"
EndProject
Global
	GlobalSection(SolutionConfigurationPlatforms) = preSolution
		Debug|x64 = Debug|x64
		Debug|x86 = Debug|x86
		Release|x64 = Release|x64
		Release|x86 = Release|x86
	EndGlobalSection
	GlobalSection(ProjectConfigurationPlatforms) = postSolution
		{8DA84988-83E2-4317-B2A1-EDACFAE603ED}.Debug|x64.ActiveCfg = Debug|x64
		{8DA84988-83E2-4317-B2A1-EDACFAE603ED}.Debug|x64.Build.0 = Debug|x64
		{8DA84988-83E2-4317-B2A1-EDACFAE603ED}.Debug|x86.ActiveCfg = Debug|Win32
		{8DA84988-83E2-4317-B2A1-EDACFAE603ED}.Debug|x86.Build.0 = Debug|Win32
		{8DA84988-83E2-4317-B2A1-EDACFAE603ED}.Release|x64.ActiveCfg = Release|x64
		{8DA84988-83E2-4317-B2A1-EDACFAE603ED}.Release|x64.Build.0 = Release|x64
		{8DA84988-83E2-4317-B2A1-EDACFAE603ED}.Release|x86.ActiveCfg = Release|Win32
		{8DA84988-83E2-4317-B2A1-EDACFAE603ED}.Release|x86.Build.0 = Release|Win32
		{CF6298D9-F045-412C-AD38-8F3E9F6E32FD}.Debug|x64.ActiveCfg = Debug|x64
		{CF6298D9-F045-412C-AD38-8F3E9F6E32FD}.Debug|x64.Build.0 = Debug|x64
		{CF6298D9-F045-412C-AD38-8F3E9F6E32FD}.Debug|x86.ActiveCfg = Debug|Win32
		{CF6298D9-F045-412C-AD38-8F3E9F6E32FD}.Debug|x86.Build.0 = Debug|Win32
		{CF6298D9-F045-412C-AD38-8F3E9F6E32FD}.Release|x64.ActiveCfg = Release|x64
		{CF6298D9-F045-412C-AD38-8F3E9F6E32FD}.Release|x64.Build.0 = Release|x64
		{CF6298D9-F045-412C-AD38-8F3E9F6E32FD}.Release|x86.ActiveCfg = Release|Win32
		{CF6298D9-F045-412C-AD38-8F3E9F6E32FD}.Release|x86.Build.0 = Release|Win32
		{655C4E13-4992-44CB-A18F-5D7DF41667FF}.Debug|x64.ActiveCfg = Debug|x64
		{655C4E13-4992-44CB-A18F-5D7DF41667FF}.Debug|x64.Build.0 = Debug|x64
		{655C4E13-4992-44CB-A18F-5D7DF41667FF}.Debug|x86.ActiveCfg = Debug|Win32
		{655C4E13-4992-44CB-A18F-5D7DF41667FF}.Debug|x86.Build.0 = Debug|Win32
		{655C4E13-4992-44CB-A18F-5D7DF41667FF}.Release|x64.ActiveCfg = Release|x64
		{655C4E13-4992-44CB-A18F-5D7DF41667FF}.Release|x64.Build.0 = Release|x64
		{655C4E13-4992-44CB-A18F-5D7DF41667FF}.Release|x86.ActiveCfg = Release|Win32
		{655C4E13-4992-44CB-A18F-5D7DF41667FF}.Release|x86.Build.0 = Release|Win32
		{3922AFEA-F9BB-4C29-89D1-BACE1A3BCA43}.Debug|x64.ActiveCfg = Debug|x64
		{3922AFEA-F9BB-4C29-89D1-BACE1A3BCA43}.Debug|x64.Build.0 = Debug|x64
		{3922AFEA-F9BB-4C29-89D1-BACE1A3BCA43}.Debug|x86.ActiveCfg = Debug|Win32
		{3922AFEA-F9BB-4C29-89D1-BACE1A3BCA43}.Debug|x86.Build.0 = Debug|Win32
		{3922AFEA-F9BB-4C29-89D1-BACE1A3BCA43}.Release|x64.ActiveCfg = Release|x64
		{3922AFEA-F9BB-4C29-89D1-BACE1A3BCA43}.Release|x64.Build.0 = Release|x64
		{3922AFEA-F9BB-4C29-89D1-BACE1A3BCA43}.Release|x86.ActiveCfg = Release|Win32
		{3922AFEA-F9BB-4C29-89D1-BACE1A3BCA43}.Release|x86.Build.0 = Release|Win32
		{ACDC1A2C-4CE0-470D-B4C8-C34EE6506277}.Debug|x64.ActiveCfg = Debug|x64
		{ACDC1A2C-4CE0-470D-B4C8-C34EE6506277}.Debug|x64.Build.0 = Debug|x64
		{ACDC1A2C-4CE0-470D-B4C8-C34EE6506277}.Debug|x86.ActiveCfg = Debug|Win32
		{ACDC1A2C-4CE0-470D-B4C8-C34EE6506277}.Debug|x86.Build.0 = Debug|Win32
		{ACDC1A2C-4CE0-470D-B4C8-C34EE6506277}.Release|x64.ActiveCfg = Release|x64
		{ACDC1A2C-4CE0-470D-B4C8-C34EE6506277}.Release|x64.Build.0 = Release|x64
		{ACDC1A2C-4CE0-470D-B4C8-C34EE6506277}.Release|x86.ActiveCfg = Release|Win32
		{ACDC1A2C-4CE0-470D-B4C8-C34EE6506277}.Release|x86.Build.0 = Release|Win32
		{99AC76C0-B6FC-47CD-9C77-6C2B0FEA7443}.Debug|x64.ActiveCfg = Debug|x64
		{99AC76C0-B6FC-47CD-9C77-6C2B0FEA7443}.Debug|x64.Build.0 = Debug|x64
		{99AC76C0-B6FC-47CD-9C77-6C2B0FEA7443}.Debug|x86.ActiveCfg = Debug|Win32
		{99AC76C0-B6FC-47CD-9C77-6C2B0FEA7443}.Debug|x86.Build.0 = Debug|Win32
		{99AC76C0-B6FC-47CD-9C77-6C2B0FEA7443}.Release|x64.ActiveCfg = Release|x64
		{99AC76C0-B6FC-47CD-9C77-6C2B0FEA7443}.Release|x64.Build.0 = Release|x64
		{99AC76C0-B6FC-47CD-9C77-6C2B0FEA7443}.Release|x86.ActiveCfg = Release|Win32
		{99AC76C0-B6FC-47CD-9C77-6C2B0FEA7443}.Release|x86.Build.0 = Release|Win32
		{6FC25C41-1017-497B-B986-C8C7D24B388B}.Debug|x64.ActiveCfg = Debug|x64
		{6FC25C41-1017-497B-B986-C8C7D24B388B}.Debug|x64.Build.0 = Debug|x64
		{6FC25C41-1017-497B-B986-C8C7D24B388B}.Debug|x86.ActiveCfg = Debug|Win32
		{6FC25C41-1017-497B-B986-C8C7D24B388B}.Debug|x86.Build.0 = Debug|Win32
		{6FC25C41-1017-497B-B986-C8C7D24B388B}.Release|x64.ActiveCfg = Release|x64
		{6FC25C41-1017-497B-B986-C8C7D24B388B}.Release|x64.Build.0 = Release|x64
		{6FC25C41-1017-497B-B986-C8C7D24B388B}.Release|x86.ActiveCfg = Release|Win32
		{6FC25C41-1017-497B-B986-C8C7D24B388B}.Release|x86.Build.0 = Release|Win32
	EndGlobalSection
	GlobalSection(SolutionProperties) = preSolution
		HideSolutionNode = FALSE
	EndGlobalSection
	GlobalSection(ExtensibilityGlobals) = postSolution
		SolutionGuid = {D20ECBDB-CD20-4A62-A4BC-F6C224B1DFB7}
	EndGlobalSection
EndGlobal
